{
  "requires": true,
  "lockfileVersion": 1,
  "dependencies": {
    "ts.data.json": {
      "version": "1.2.0",
      "resolved": "https://registry.npmjs.org/ts.data.json/-/ts.data.json-1.2.0.tgz",
      "integrity": "sha512-b18x3gxnysu6ZnysqphPECstZGhi/BxSQqnCE3xsVT4pJhXkboUxqUYZSYdkTF2Fa/oe5cSC4UGbdCDDXd3gOA=="
    }
  }
}
